
Microsoft Visual Studio Solution File, Format Version 12.00
# Visual Studio Version 17
VisualStudioVersion = 17.12.35527.113
MinimumVisualStudioVersion = 10.0.40219.1
Project("{FAE04EC0-301F-11D3-BF4B-00C04F79EFBC}") = "01DatabaseConnectedArch", "01DatabaseConnectedArch\01DatabaseConnectedArch.csproj", "{73C8664F-1A79-41AB-A617-88E65F486D0A}"
EndProject
Project("{FAE04EC0-301F-11D3-BF4B-00C04F79EFBC}") = "02DatabaseDisconnectedArchitechture", "02DatabaseDisconnectedArchitechture\02DatabaseDisconnectedArchitechture.csproj", "{E9875975-C888-4DA1-8181-A89891A17235}"
EndProject
Project("{FAE04EC0-301F-11D3-BF4B-00C04F79EFBC}") = "03EnitiyFramworkCodeFirst", "03EnitiyFramworkCodeFirst\03EnitiyFramworkCodeFirst.csproj", "{61820E04-456D-4ADF-B338-0E75A0E3A1A5}"
EndProject
Project("{FAE04EC0-301F-11D3-BF4B-00C04F79EFBC}") = "04EntityFrameworkDatabaseFirstApproach", "04EntityFrameworkDatabaseFirstApproach\04EntityFrameworkDatabaseFirstApproach.csproj", "{5C95A62F-E37E-4CB8-8551-FE7D4CD61550}"
EndProject
Project("{FAE04EC0-301F-11D3-BF4B-00C04F79EFBC}") = "05EntityConnectedWithViews", "05EntityConnectedWithViews\05EntityConnectedWithViews.csproj", "{E335BC13-F941-4416-99AD-467CF736A9C2}"
EndProject
Project("{FAE04EC0-301F-11D3-BF4B-00C04F79EFBC}") = "06EEntityFrameworkCodeFirst", "06EEntityFrameworkCodeFirst\06EEntityFrameworkCodeFirst.csproj", "{D78D8080-FA07-4D0F-AA5A-73C235BF32DB}"
EndProject
Global
	GlobalSection(SolutionConfigurationPlatforms) = preSolution
		Debug|Any CPU = Debug|Any CPU
		Release|Any CPU = Release|Any CPU
	EndGlobalSection
	GlobalSection(ProjectConfigurationPlatforms) = postSolution
		{73C8664F-1A79-41AB-A617-88E65F486D0A}.Debug|Any CPU.ActiveCfg = Debug|Any CPU
		{73C8664F-1A79-41AB-A617-88E65F486D0A}.Debug|Any CPU.Build.0 = Debug|Any CPU
		{73C8664F-1A79-41AB-A617-88E65F486D0A}.Release|Any CPU.ActiveCfg = Release|Any CPU
		{73C8664F-1A79-41AB-A617-88E65F486D0A}.Release|Any CPU.Build.0 = Release|Any CPU
		{E9875975-C888-4DA1-8181-A89891A17235}.Debug|Any CPU.ActiveCfg = Debug|Any CPU
		{E9875975-C888-4DA1-8181-A89891A17235}.Debug|Any CPU.Build.0 = Debug|Any CPU
		{E9875975-C888-4DA1-8181-A89891A17235}.Release|Any CPU.ActiveCfg = Release|Any CPU
		{E9875975-C888-4DA1-8181-A89891A17235}.Release|Any CPU.Build.0 = Release|Any CPU
		{61820E04-456D-4ADF-B338-0E75A0E3A1A5}.Debug|Any CPU.ActiveCfg = Debug|Any CPU
		{61820E04-456D-4ADF-B338-0E75A0E3A1A5}.Debug|Any CPU.Build.0 = Debug|Any CPU
		{61820E04-456D-4ADF-B338-0E75A0E3A1A5}.Release|Any CPU.ActiveCfg = Release|Any CPU
		{61820E04-456D-4ADF-B338-0E75A0E3A1A5}.Release|Any CPU.Build.0 = Release|Any CPU
		{5C95A62F-E37E-4CB8-8551-FE7D4CD61550}.Debug|Any CPU.ActiveCfg = Debug|Any CPU
		{5C95A62F-E37E-4CB8-8551-FE7D4CD61550}.Debug|Any CPU.Build.0 = Debug|Any CPU
		{5C95A62F-E37E-4CB8-8551-FE7D4CD61550}.Release|Any CPU.ActiveCfg = Release|Any CPU
		{5C95A62F-E37E-4CB8-8551-FE7D4CD61550}.Release|Any CPU.Build.0 = Release|Any CPU
		{E335BC13-F941-4416-99AD-467CF736A9C2}.Debug|Any CPU.ActiveCfg = Debug|Any CPU
		{E335BC13-F941-4416-99AD-467CF736A9C2}.Debug|Any CPU.Build.0 = Debug|Any CPU
		{E335BC13-F941-4416-99AD-467CF736A9C2}.Release|Any CPU.ActiveCfg = Release|Any CPU
		{E335BC13-F941-4416-99AD-467CF736A9C2}.Release|Any CPU.Build.0 = Release|Any CPU
		{D78D8080-FA07-4D0F-AA5A-73C235BF32DB}.Debug|Any CPU.ActiveCfg = Debug|Any CPU
		{D78D8080-FA07-4D0F-AA5A-73C235BF32DB}.Debug|Any CPU.Build.0 = Debug|Any CPU
		{D78D8080-FA07-4D0F-AA5A-73C235BF32DB}.Release|Any CPU.ActiveCfg = Release|Any CPU
		{D78D8080-FA07-4D0F-AA5A-73C235BF32DB}.Release|Any CPU.Build.0 = Release|Any CPU
	EndGlobalSection
	GlobalSection(SolutionProperties) = preSolution
		HideSolutionNode = FALSE
	EndGlobalSection
EndGlobal
