
Microsoft Visual Studio Solution File, Format Version 12.00
# Visual Studio Version 17
VisualStudioVersion = 17.12.35527.113
MinimumVisualStudioVersion = 10.0.40219.1
Project("{FAE04EC0-301F-11D3-BF4B-00C04F79EFBC}") = "MVCCoreWithMVCTemplate", "MVCCoreWithMVCTemplate\MVCCoreWithMVCTemplate.csproj", "{9BECE494-F9F5-4F7F-9BFC-2AB567D906B8}"
EndProject
Project("{FAE04EC0-301F-11D3-BF4B-00C04F79EFBC}") = "01MVCBasics", "01MVCBasics\01MVCBasics.csproj", "{BFFF0B45-69B7-4608-B01F-F0BDAA1176A4}"
EndProject
Project("{FAE04EC0-301F-11D3-BF4B-00C04F79EFBC}") = "02DefaultController", "02DefaultController\02DefaultController.csproj", "{238FF275-C045-4011-9C0F-228A643E6895}"
EndProject
Project("{FAE04EC0-301F-11D3-BF4B-00C04F79EFBC}") = "03AttributeBasedRouting", "03AttributeBasedRouting\03AttributeBasedRouting.csproj", "{F1F6CDC0-75B7-492C-A0B4-CB6E0D812C51}"
EndProject
Project("{FAE04EC0-301F-11D3-BF4B-00C04F79EFBC}") = "04ActionMethodReturnType", "04ActionMethodReturnType\04ActionMethodReturnType.csproj", "{567DDBDD-8D93-4E9F-9046-6F807642D537}"
EndProject
Global
	GlobalSection(SolutionConfigurationPlatforms) = preSolution
		Debug|Any CPU = Debug|Any CPU
		Release|Any CPU = Release|Any CPU
	EndGlobalSection
	GlobalSection(ProjectConfigurationPlatforms) = postSolution
		{9BECE494-F9F5-4F7F-9BFC-2AB567D906B8}.Debug|Any CPU.ActiveCfg = Debug|Any CPU
		{9BECE494-F9F5-4F7F-9BFC-2AB567D906B8}.Debug|Any CPU.Build.0 = Debug|Any CPU
		{9BECE494-F9F5-4F7F-9BFC-2AB567D906B8}.Release|Any CPU.ActiveCfg = Release|Any CPU
		{9BECE494-F9F5-4F7F-9BFC-2AB567D906B8}.Release|Any CPU.Build.0 = Release|Any CPU
		{BFFF0B45-69B7-4608-B01F-F0BDAA1176A4}.Debug|Any CPU.ActiveCfg = Debug|Any CPU
		{BFFF0B45-69B7-4608-B01F-F0BDAA1176A4}.Debug|Any CPU.Build.0 = Debug|Any CPU
		{BFFF0B45-69B7-4608-B01F-F0BDAA1176A4}.Release|Any CPU.ActiveCfg = Release|Any CPU
		{BFFF0B45-69B7-4608-B01F-F0BDAA1176A4}.Release|Any CPU.Build.0 = Release|Any CPU
		{238FF275-C045-4011-9C0F-228A643E6895}.Debug|Any CPU.ActiveCfg = Debug|Any CPU
		{238FF275-C045-4011-9C0F-228A643E6895}.Debug|Any CPU.Build.0 = Debug|Any CPU
		{238FF275-C045-4011-9C0F-228A643E6895}.Release|Any CPU.ActiveCfg = Release|Any CPU
		{238FF275-C045-4011-9C0F-228A643E6895}.Release|Any CPU.Build.0 = Release|Any CPU
		{F1F6CDC0-75B7-492C-A0B4-CB6E0D812C51}.Debug|Any CPU.ActiveCfg = Debug|Any CPU
		{F1F6CDC0-75B7-492C-A0B4-CB6E0D812C51}.Debug|Any CPU.Build.0 = Debug|Any CPU
		{F1F6CDC0-75B7-492C-A0B4-CB6E0D812C51}.Release|Any CPU.ActiveCfg = Release|Any CPU
		{F1F6CDC0-75B7-492C-A0B4-CB6E0D812C51}.Release|Any CPU.Build.0 = Release|Any CPU
		{567DDBDD-8D93-4E9F-9046-6F807642D537}.Debug|Any CPU.ActiveCfg = Debug|Any CPU
		{567DDBDD-8D93-4E9F-9046-6F807642D537}.Debug|Any CPU.Build.0 = Debug|Any CPU
		{567DDBDD-8D93-4E9F-9046-6F807642D537}.Release|Any CPU.ActiveCfg = Release|Any CPU
		{567DDBDD-8D93-4E9F-9046-6F807642D537}.Release|Any CPU.Build.0 = Release|Any CPU
	EndGlobalSection
	GlobalSection(SolutionProperties) = preSolution
		HideSolutionNode = FALSE
	EndGlobalSection
EndGlobal
