
Microsoft Visual Studio Solution File, Format Version 12.00
# Visual Studio Version 17
VisualStudioVersion = 17.12.35527.113
MinimumVisualStudioVersion = 10.0.40219.1
Project("{FAE04EC0-301F-11D3-BF4B-00C04F79EFBC}") = "05OOPSInterface", "05OOPSInterface\05OOPSInterface.csproj", "{D20F0781-68E5-4AA7-8384-37B0D86525A5}"
EndProject
Project("{FAE04EC0-301F-11D3-BF4B-00C04F79EFBC}") = "06OOPsInterface2", "06OOPsInterface2\06OOPsInterface2.csproj", "{E1125435-687D-48E5-AC86-7B4DCFD8807B}"
EndProject
Project("{FAE04EC0-301F-11D3-BF4B-00C04F79EFBC}") = "07OOPSAbstract", "07OOPSAbstract\07OOPSAbstract.csproj", "{2B7263E8-ED37-4771-BF07-F6E6DF9ADB68}"
EndProject
Project("{FAE04EC0-301F-11D3-BF4B-00C04F79EFBC}") = "08OOPLogger", "08OOPLogger\08OOPLogger.csproj", "{33D469A6-4C8E-4DF9-87D3-26E8B8CB3017}"
EndProject
Project("{FAE04EC0-301F-11D3-BF4B-00C04F79EFBC}") = "01_BasicDatatypes", "01_BasicDatatypes\01_BasicDatatypes.csproj", "{7729A3F1-9773-4177-B7BF-13940173B9CA}"
EndProject
Project("{FAE04EC0-301F-11D3-BF4B-00C04F79EFBC}") = "02_OOPConcepts", "02_OOPConcepts\02_OOPConcepts.csproj", "{7B6BA0C2-EDE9-4568-A939-95AC4E4092A5}"
EndProject
Project("{FAE04EC0-301F-11D3-BF4B-00C04F79EFBC}") = "03_BasicLoops", "03_BasicLoops\03_BasicLoops.csproj", "{B2D14BB8-E4AA-4267-9571-66160CADB289}"
EndProject
Project("{FAE04EC0-301F-11D3-BF4B-00C04F79EFBC}") = "04_ExceptionHandling", "04_ExceptionHandling\04_ExceptionHandling.csproj", "{09F1F1AE-A46C-4C18-91FC-88310546990D}"
EndProject
Project("{FAE04EC0-301F-11D3-BF4B-00C04F79EFBC}") = "09OOPSNotebookApk", "09OOPSNotebookApk\09OOPSNotebookApk.csproj", "{C1801369-5119-492E-B7B7-4B47303C3B85}"
EndProject
Project("{FAE04EC0-301F-11D3-BF4B-00C04F79EFBC}") = "10Properties", "10Properties\10Properties.csproj", "{3ABE81A9-42DE-4774-8DAC-397046AE542A}"
EndProject
Project("{FAE04EC0-301F-11D3-BF4B-00C04F79EFBC}") = "12Delegate", "12Delegate\12Delegate.csproj", "{02E1EB0C-0A45-4C11-A436-C7372DE39773}"
EndProject
Project("{FAE04EC0-301F-11D3-BF4B-00C04F79EFBC}") = "13Events", "13Events\13Events.csproj", "{30771F09-4C35-4A8C-A208-FFA82CBFAA3A}"
EndProject
Global
	GlobalSection(SolutionConfigurationPlatforms) = preSolution
		Debug|Any CPU = Debug|Any CPU
		Release|Any CPU = Release|Any CPU
	EndGlobalSection
	GlobalSection(ProjectConfigurationPlatforms) = postSolution
		{D20F0781-68E5-4AA7-8384-37B0D86525A5}.Debug|Any CPU.ActiveCfg = Debug|Any CPU
		{D20F0781-68E5-4AA7-8384-37B0D86525A5}.Debug|Any CPU.Build.0 = Debug|Any CPU
		{D20F0781-68E5-4AA7-8384-37B0D86525A5}.Release|Any CPU.ActiveCfg = Release|Any CPU
		{D20F0781-68E5-4AA7-8384-37B0D86525A5}.Release|Any CPU.Build.0 = Release|Any CPU
		{E1125435-687D-48E5-AC86-7B4DCFD8807B}.Debug|Any CPU.ActiveCfg = Debug|Any CPU
		{E1125435-687D-48E5-AC86-7B4DCFD8807B}.Debug|Any CPU.Build.0 = Debug|Any CPU
		{E1125435-687D-48E5-AC86-7B4DCFD8807B}.Release|Any CPU.ActiveCfg = Release|Any CPU
		{E1125435-687D-48E5-AC86-7B4DCFD8807B}.Release|Any CPU.Build.0 = Release|Any CPU
		{2B7263E8-ED37-4771-BF07-F6E6DF9ADB68}.Debug|Any CPU.ActiveCfg = Debug|Any CPU
		{2B7263E8-ED37-4771-BF07-F6E6DF9ADB68}.Debug|Any CPU.Build.0 = Debug|Any CPU
		{2B7263E8-ED37-4771-BF07-F6E6DF9ADB68}.Release|Any CPU.ActiveCfg = Release|Any CPU
		{2B7263E8-ED37-4771-BF07-F6E6DF9ADB68}.Release|Any CPU.Build.0 = Release|Any CPU
		{33D469A6-4C8E-4DF9-87D3-26E8B8CB3017}.Debug|Any CPU.ActiveCfg = Debug|Any CPU
		{33D469A6-4C8E-4DF9-87D3-26E8B8CB3017}.Debug|Any CPU.Build.0 = Debug|Any CPU
		{33D469A6-4C8E-4DF9-87D3-26E8B8CB3017}.Release|Any CPU.ActiveCfg = Release|Any CPU
		{33D469A6-4C8E-4DF9-87D3-26E8B8CB3017}.Release|Any CPU.Build.0 = Release|Any CPU
		{7729A3F1-9773-4177-B7BF-13940173B9CA}.Debug|Any CPU.ActiveCfg = Debug|Any CPU
		{7729A3F1-9773-4177-B7BF-13940173B9CA}.Debug|Any CPU.Build.0 = Debug|Any CPU
		{7729A3F1-9773-4177-B7BF-13940173B9CA}.Release|Any CPU.ActiveCfg = Release|Any CPU
		{7729A3F1-9773-4177-B7BF-13940173B9CA}.Release|Any CPU.Build.0 = Release|Any CPU
		{7B6BA0C2-EDE9-4568-A939-95AC4E4092A5}.Debug|Any CPU.ActiveCfg = Debug|Any CPU
		{7B6BA0C2-EDE9-4568-A939-95AC4E4092A5}.Debug|Any CPU.Build.0 = Debug|Any CPU
		{7B6BA0C2-EDE9-4568-A939-95AC4E4092A5}.Release|Any CPU.ActiveCfg = Release|Any CPU
		{7B6BA0C2-EDE9-4568-A939-95AC4E4092A5}.Release|Any CPU.Build.0 = Release|Any CPU
		{B2D14BB8-E4AA-4267-9571-66160CADB289}.Debug|Any CPU.ActiveCfg = Debug|Any CPU
		{B2D14BB8-E4AA-4267-9571-66160CADB289}.Debug|Any CPU.Build.0 = Debug|Any CPU
		{B2D14BB8-E4AA-4267-9571-66160CADB289}.Release|Any CPU.ActiveCfg = Release|Any CPU
		{B2D14BB8-E4AA-4267-9571-66160CADB289}.Release|Any CPU.Build.0 = Release|Any CPU
		{09F1F1AE-A46C-4C18-91FC-88310546990D}.Debug|Any CPU.ActiveCfg = Debug|Any CPU
		{09F1F1AE-A46C-4C18-91FC-88310546990D}.Debug|Any CPU.Build.0 = Debug|Any CPU
		{09F1F1AE-A46C-4C18-91FC-88310546990D}.Release|Any CPU.ActiveCfg = Release|Any CPU
		{09F1F1AE-A46C-4C18-91FC-88310546990D}.Release|Any CPU.Build.0 = Release|Any CPU
		{C1801369-5119-492E-B7B7-4B47303C3B85}.Debug|Any CPU.ActiveCfg = Debug|Any CPU
		{C1801369-5119-492E-B7B7-4B47303C3B85}.Debug|Any CPU.Build.0 = Debug|Any CPU
		{C1801369-5119-492E-B7B7-4B47303C3B85}.Release|Any CPU.ActiveCfg = Release|Any CPU
		{C1801369-5119-492E-B7B7-4B47303C3B85}.Release|Any CPU.Build.0 = Release|Any CPU
		{3ABE81A9-42DE-4774-8DAC-397046AE542A}.Debug|Any CPU.ActiveCfg = Debug|Any CPU
		{3ABE81A9-42DE-4774-8DAC-397046AE542A}.Debug|Any CPU.Build.0 = Debug|Any CPU
		{3ABE81A9-42DE-4774-8DAC-397046AE542A}.Release|Any CPU.ActiveCfg = Release|Any CPU
		{3ABE81A9-42DE-4774-8DAC-397046AE542A}.Release|Any CPU.Build.0 = Release|Any CPU
		{02E1EB0C-0A45-4C11-A436-C7372DE39773}.Debug|Any CPU.ActiveCfg = Debug|Any CPU
		{02E1EB0C-0A45-4C11-A436-C7372DE39773}.Debug|Any CPU.Build.0 = Debug|Any CPU
		{02E1EB0C-0A45-4C11-A436-C7372DE39773}.Release|Any CPU.ActiveCfg = Release|Any CPU
		{02E1EB0C-0A45-4C11-A436-C7372DE39773}.Release|Any CPU.Build.0 = Release|Any CPU
		{30771F09-4C35-4A8C-A208-FFA82CBFAA3A}.Debug|Any CPU.ActiveCfg = Debug|Any CPU
		{30771F09-4C35-4A8C-A208-FFA82CBFAA3A}.Debug|Any CPU.Build.0 = Debug|Any CPU
		{30771F09-4C35-4A8C-A208-FFA82CBFAA3A}.Release|Any CPU.ActiveCfg = Release|Any CPU
		{30771F09-4C35-4A8C-A208-FFA82CBFAA3A}.Release|Any CPU.Build.0 = Release|Any CPU
	EndGlobalSection
	GlobalSection(SolutionProperties) = preSolution
		HideSolutionNode = FALSE
	EndGlobalSection
EndGlobal
