
Microsoft Visual Studio Solution File, Format Version 12.00
# Visual Studio Version 17
VisualStudioVersion = 17.12.35527.113
MinimumVisualStudioVersion = 10.0.40219.1
Project("{FAE04EC0-301F-11D3-BF4B-00C04F79EFBC}") = "05OOPSInterface", "05OOPSInterface\05OOPSInterface.csproj", "{D20F0781-68E5-4AA7-8384-37B0D86525A5}"
EndProject
Project("{FAE04EC0-301F-11D3-BF4B-00C04F79EFBC}") = "06OOPsInterface2", "06OOPsInterface2\06OOPsInterface2.csproj", "{E1125435-687D-48E5-AC86-7B4DCFD8807B}"
EndProject
Project("{FAE04EC0-301F-11D3-BF4B-00C04F79EFBC}") = "07OOPSAbstract", "07OOPSAbstract\07OOPSAbstract.csproj", "{2B7263E8-ED37-4771-BF07-F6E6DF9ADB68}"
EndProject
Project("{FAE04EC0-301F-11D3-BF4B-00C04F79EFBC}") = "08OOPLogger", "08OOPLogger\08OOPLogger.csproj", "{33D469A6-4C8E-4DF9-87D3-26E8B8CB3017}"
EndProject
Project("{FAE04EC0-301F-11D3-BF4B-00C04F79EFBC}") = "01_BasicDatatypes", "01_BasicDatatypes\01_BasicDatatypes.csproj", "{866D29C8-8421-4470-B17C-F22F21E8E284}"
EndProject
Project("{FAE04EC0-301F-11D3-BF4B-00C04F79EFBC}") = "02_OOPConcepts", "02_OOPConcepts\02_OOPConcepts.csproj", "{A17D3E29-28F6-4AD5-A4D7-7A85DD57C6F2}"
EndProject
Project("{FAE04EC0-301F-11D3-BF4B-00C04F79EFBC}") = "03_BasicLoops", "03_BasicLoops\03_BasicLoops.csproj", "{D922E72C-3A38-4F78-A26E-7EC55FD4AC11}"
EndProject
Project("{FAE04EC0-301F-11D3-BF4B-00C04F79EFBC}") = "04_ExceptionHandling", "04_ExceptionHandling\04_ExceptionHandling.csproj", "{937BBCAC-74C9-4E71-AF76-2C9B743CBF34}"
EndProject
Project("{FAE04EC0-301F-11D3-BF4B-00C04F79EFBC}") = "09OOPSNotepad", "09OOPSNotepad\09OOPSNotepad.csproj", "{78F1760C-0C78-4539-8A00-CB1114D98C3D}"
EndProject
Project("{FAE04EC0-301F-11D3-BF4B-00C04F79EFBC}") = "10OOPSProperties", "10OOPSProperties\10OOPSProperties.csproj", "{140E48C3-BF43-452D-918C-A9AD5F00C4E0}"
EndProject
Project("{FAE04EC0-301F-11D3-BF4B-00C04F79EFBC}") = "12Delegate", "12Delegate\12Delegate.csproj", "{EC3C1944-0833-4E53-B373-ED724C3AE23D}"
EndProject
Project("{FAE04EC0-301F-11D3-BF4B-00C04F79EFBC}") = "13Events", "13Events\13Events.csproj", "{B501714D-023D-4A3D-BC36-8F6BF66FB2B3}"
EndProject
Project("{FAE04EC0-301F-11D3-BF4B-00C04F79EFBC}") = "14Collections", "14Collections\14Collections.csproj", "{AE0FDC7D-C59B-4F3F-8A01-1758ECEE483B}"
EndProject
Project("{FAE04EC0-301F-11D3-BF4B-00C04F79EFBC}") = "15GenericCollections", "15GenericCollections\15GenericCollections.csproj", "{EC45CB31-59C6-407E-A330-333BBCA6814E}"
EndProject
Project("{FAE04EC0-301F-11D3-BF4B-00C04F79EFBC}") = "16GenericConcepts", "16GenericConcepts\16GenericConcepts.csproj", "{A0C790F9-D454-4163-880B-D3CEA0D69A50}"
EndProject
Project("{FAE04EC0-301F-11D3-BF4B-00C04F79EFBC}") = "18HostForMyLib", "18HostForMyLib\18HostForMyLib.csproj", "{584EF56F-2342-4FEE-A1A2-D26508CC81CB}"
EndProject
Project("{FAE04EC0-301F-11D3-BF4B-00C04F79EFBC}") = "19FileIOSerialization", "19FileIOSerialization\19FileIOSerialization.csproj", "{23983742-BBD1-4651-914E-4270EA897045}"
EndProject
Project("{FAE04EC0-301F-11D3-BF4B-00C04F79EFBC}") = "17MyLib01", "17MyLib01\17MyLib01.csproj", "{EB465B6D-F315-4940-AB55-AA9858E66D9B}"
EndProject
Project("{FAE04EC0-301F-11D3-BF4B-00C04F79EFBC}") = "20CMathLib", "20CMathLib\20CMathLib.csproj", "{A3BF4A0A-C75C-47DF-A7B1-01775D3BB564}"
EndProject
Project("{FAE04EC0-301F-11D3-BF4B-00C04F79EFBC}") = "21Reflection", "21Reflection\21Reflection.csproj", "{38CE0129-1565-4FC7-AC9E-8913EDCAED03}"
EndProject
Project("{FAE04EC0-301F-11D3-BF4B-00C04F79EFBC}") = "22ComapanyLib", "22ComapanyLib\22ComapanyLib.csproj", "{6E67F066-107A-4AC1-B08E-1A5F53639FC5}"
EndProject
Project("{FAE04EC0-301F-11D3-BF4B-00C04F79EFBC}") = "23DemoLib", "23DemoLib\23DemoLib.csproj", "{2F5C3137-2C17-4F60-A4D6-E410C89FA107}"
EndProject
Project("{FAE04EC0-301F-11D3-BF4B-00C04F79EFBC}") = "24CustomAttributeCompany", "24CustomAttributeCompany\24CustomAttributeCompany.csproj", "{CFDF8362-6FFC-4B0A-8D17-473C69DE57FF}"
EndProject
Project("{FAE04EC0-301F-11D3-BF4B-00C04F79EFBC}") = "25DBAttributeLib", "25DBAttributeLib\25DBAttributeLib.csproj", "{85B247AC-46AB-45BC-9E83-B1B508D89782}"
EndProject
Project("{FAE04EC0-301F-11D3-BF4B-00C04F79EFBC}") = "26EmployeeLib", "26EmployeeLib\26EmployeeLib.csproj", "{C6622D6A-EE5F-4922-BBCF-9F4FD53380E8}"
EndProject
Project("{FAE04EC0-301F-11D3-BF4B-00C04F79EFBC}") = "27ReflectionCreateTable", "27MySqlQuery\27ReflectionCreateTable.csproj", "{ACC231B1-B7F8-4DAB-9680-9F3E4C425D23}"
EndProject
Project("{FAE04EC0-301F-11D3-BF4B-00C04F79EFBC}") = "28CSharpDemos", "28CSharpDemos\28CSharpDemos.csproj", "{672DAF51-19A5-4B35-ABF7-0685D1B4B3FE}"
EndProject
Project("{FAE04EC0-301F-11D3-BF4B-00C04F79EFBC}") = "29LINQ", "29LINQ\29LINQ.csproj", "{524A4818-DA80-4BA7-9BF5-096C270C4CB1}"
EndProject
Project("{FAE04EC0-301F-11D3-BF4B-00C04F79EFBC}") = "30LINQ", "30LINQ\30LINQ.csproj", "{8A8B9067-AD91-42A2-880D-6DF3A650012D}"
EndProject
Project("{2150E333-8FDC-42A3-9474-1A3956D46DE8}") = "Solution Items", "Solution Items", "{B0CED5CF-FB69-4937-8AA8-ED54589A6EBD}"
	ProjectSection(SolutionItems) = preProject
		.editorconfig = .editorconfig
	EndProjectSection
EndProject
Global
	GlobalSection(SolutionConfigurationPlatforms) = preSolution
		Debug|Any CPU = Debug|Any CPU
		Debug|x64 = Debug|x64
		Release|Any CPU = Release|Any CPU
		Release|x64 = Release|x64
	EndGlobalSection
	GlobalSection(ProjectConfigurationPlatforms) = postSolution
		{D20F0781-68E5-4AA7-8384-37B0D86525A5}.Debug|Any CPU.ActiveCfg = Debug|Any CPU
		{D20F0781-68E5-4AA7-8384-37B0D86525A5}.Debug|Any CPU.Build.0 = Debug|Any CPU
		{D20F0781-68E5-4AA7-8384-37B0D86525A5}.Debug|x64.ActiveCfg = Debug|Any CPU
		{D20F0781-68E5-4AA7-8384-37B0D86525A5}.Debug|x64.Build.0 = Debug|Any CPU
		{D20F0781-68E5-4AA7-8384-37B0D86525A5}.Release|Any CPU.ActiveCfg = Release|Any CPU
		{D20F0781-68E5-4AA7-8384-37B0D86525A5}.Release|Any CPU.Build.0 = Release|Any CPU
		{D20F0781-68E5-4AA7-8384-37B0D86525A5}.Release|x64.ActiveCfg = Release|Any CPU
		{D20F0781-68E5-4AA7-8384-37B0D86525A5}.Release|x64.Build.0 = Release|Any CPU
		{E1125435-687D-48E5-AC86-7B4DCFD8807B}.Debug|Any CPU.ActiveCfg = Debug|Any CPU
		{E1125435-687D-48E5-AC86-7B4DCFD8807B}.Debug|Any CPU.Build.0 = Debug|Any CPU
		{E1125435-687D-48E5-AC86-7B4DCFD8807B}.Debug|x64.ActiveCfg = Debug|Any CPU
		{E1125435-687D-48E5-AC86-7B4DCFD8807B}.Debug|x64.Build.0 = Debug|Any CPU
		{E1125435-687D-48E5-AC86-7B4DCFD8807B}.Release|Any CPU.ActiveCfg = Release|Any CPU
		{E1125435-687D-48E5-AC86-7B4DCFD8807B}.Release|Any CPU.Build.0 = Release|Any CPU
		{E1125435-687D-48E5-AC86-7B4DCFD8807B}.Release|x64.ActiveCfg = Release|Any CPU
		{E1125435-687D-48E5-AC86-7B4DCFD8807B}.Release|x64.Build.0 = Release|Any CPU
		{2B7263E8-ED37-4771-BF07-F6E6DF9ADB68}.Debug|Any CPU.ActiveCfg = Debug|Any CPU
		{2B7263E8-ED37-4771-BF07-F6E6DF9ADB68}.Debug|Any CPU.Build.0 = Debug|Any CPU
		{2B7263E8-ED37-4771-BF07-F6E6DF9ADB68}.Debug|x64.ActiveCfg = Debug|Any CPU
		{2B7263E8-ED37-4771-BF07-F6E6DF9ADB68}.Debug|x64.Build.0 = Debug|Any CPU
		{2B7263E8-ED37-4771-BF07-F6E6DF9ADB68}.Release|Any CPU.ActiveCfg = Release|Any CPU
		{2B7263E8-ED37-4771-BF07-F6E6DF9ADB68}.Release|Any CPU.Build.0 = Release|Any CPU
		{2B7263E8-ED37-4771-BF07-F6E6DF9ADB68}.Release|x64.ActiveCfg = Release|Any CPU
		{2B7263E8-ED37-4771-BF07-F6E6DF9ADB68}.Release|x64.Build.0 = Release|Any CPU
		{33D469A6-4C8E-4DF9-87D3-26E8B8CB3017}.Debug|Any CPU.ActiveCfg = Debug|Any CPU
		{33D469A6-4C8E-4DF9-87D3-26E8B8CB3017}.Debug|Any CPU.Build.0 = Debug|Any CPU
		{33D469A6-4C8E-4DF9-87D3-26E8B8CB3017}.Debug|x64.ActiveCfg = Debug|Any CPU
		{33D469A6-4C8E-4DF9-87D3-26E8B8CB3017}.Debug|x64.Build.0 = Debug|Any CPU
		{33D469A6-4C8E-4DF9-87D3-26E8B8CB3017}.Release|Any CPU.ActiveCfg = Release|Any CPU
		{33D469A6-4C8E-4DF9-87D3-26E8B8CB3017}.Release|Any CPU.Build.0 = Release|Any CPU
		{33D469A6-4C8E-4DF9-87D3-26E8B8CB3017}.Release|x64.ActiveCfg = Release|Any CPU
		{33D469A6-4C8E-4DF9-87D3-26E8B8CB3017}.Release|x64.Build.0 = Release|Any CPU
		{866D29C8-8421-4470-B17C-F22F21E8E284}.Debug|Any CPU.ActiveCfg = Debug|Any CPU
		{866D29C8-8421-4470-B17C-F22F21E8E284}.Debug|Any CPU.Build.0 = Debug|Any CPU
		{866D29C8-8421-4470-B17C-F22F21E8E284}.Debug|x64.ActiveCfg = Debug|Any CPU
		{866D29C8-8421-4470-B17C-F22F21E8E284}.Debug|x64.Build.0 = Debug|Any CPU
		{866D29C8-8421-4470-B17C-F22F21E8E284}.Release|Any CPU.ActiveCfg = Release|Any CPU
		{866D29C8-8421-4470-B17C-F22F21E8E284}.Release|Any CPU.Build.0 = Release|Any CPU
		{866D29C8-8421-4470-B17C-F22F21E8E284}.Release|x64.ActiveCfg = Release|Any CPU
		{866D29C8-8421-4470-B17C-F22F21E8E284}.Release|x64.Build.0 = Release|Any CPU
		{A17D3E29-28F6-4AD5-A4D7-7A85DD57C6F2}.Debug|Any CPU.ActiveCfg = Debug|Any CPU
		{A17D3E29-28F6-4AD5-A4D7-7A85DD57C6F2}.Debug|Any CPU.Build.0 = Debug|Any CPU
		{A17D3E29-28F6-4AD5-A4D7-7A85DD57C6F2}.Debug|x64.ActiveCfg = Debug|Any CPU
		{A17D3E29-28F6-4AD5-A4D7-7A85DD57C6F2}.Debug|x64.Build.0 = Debug|Any CPU
		{A17D3E29-28F6-4AD5-A4D7-7A85DD57C6F2}.Release|Any CPU.ActiveCfg = Release|Any CPU
		{A17D3E29-28F6-4AD5-A4D7-7A85DD57C6F2}.Release|Any CPU.Build.0 = Release|Any CPU
		{A17D3E29-28F6-4AD5-A4D7-7A85DD57C6F2}.Release|x64.ActiveCfg = Release|Any CPU
		{A17D3E29-28F6-4AD5-A4D7-7A85DD57C6F2}.Release|x64.Build.0 = Release|Any CPU
		{D922E72C-3A38-4F78-A26E-7EC55FD4AC11}.Debug|Any CPU.ActiveCfg = Debug|Any CPU
		{D922E72C-3A38-4F78-A26E-7EC55FD4AC11}.Debug|Any CPU.Build.0 = Debug|Any CPU
		{D922E72C-3A38-4F78-A26E-7EC55FD4AC11}.Debug|x64.ActiveCfg = Debug|Any CPU
		{D922E72C-3A38-4F78-A26E-7EC55FD4AC11}.Debug|x64.Build.0 = Debug|Any CPU
		{D922E72C-3A38-4F78-A26E-7EC55FD4AC11}.Release|Any CPU.ActiveCfg = Release|Any CPU
		{D922E72C-3A38-4F78-A26E-7EC55FD4AC11}.Release|Any CPU.Build.0 = Release|Any CPU
		{D922E72C-3A38-4F78-A26E-7EC55FD4AC11}.Release|x64.ActiveCfg = Release|Any CPU
		{D922E72C-3A38-4F78-A26E-7EC55FD4AC11}.Release|x64.Build.0 = Release|Any CPU
		{937BBCAC-74C9-4E71-AF76-2C9B743CBF34}.Debug|Any CPU.ActiveCfg = Debug|Any CPU
		{937BBCAC-74C9-4E71-AF76-2C9B743CBF34}.Debug|Any CPU.Build.0 = Debug|Any CPU
		{937BBCAC-74C9-4E71-AF76-2C9B743CBF34}.Debug|x64.ActiveCfg = Debug|Any CPU
		{937BBCAC-74C9-4E71-AF76-2C9B743CBF34}.Debug|x64.Build.0 = Debug|Any CPU
		{937BBCAC-74C9-4E71-AF76-2C9B743CBF34}.Release|Any CPU.ActiveCfg = Release|Any CPU
		{937BBCAC-74C9-4E71-AF76-2C9B743CBF34}.Release|Any CPU.Build.0 = Release|Any CPU
		{937BBCAC-74C9-4E71-AF76-2C9B743CBF34}.Release|x64.ActiveCfg = Release|Any CPU
		{937BBCAC-74C9-4E71-AF76-2C9B743CBF34}.Release|x64.Build.0 = Release|Any CPU
		{78F1760C-0C78-4539-8A00-CB1114D98C3D}.Debug|Any CPU.ActiveCfg = Debug|Any CPU
		{78F1760C-0C78-4539-8A00-CB1114D98C3D}.Debug|Any CPU.Build.0 = Debug|Any CPU
		{78F1760C-0C78-4539-8A00-CB1114D98C3D}.Debug|x64.ActiveCfg = Debug|Any CPU
		{78F1760C-0C78-4539-8A00-CB1114D98C3D}.Debug|x64.Build.0 = Debug|Any CPU
		{78F1760C-0C78-4539-8A00-CB1114D98C3D}.Release|Any CPU.ActiveCfg = Release|Any CPU
		{78F1760C-0C78-4539-8A00-CB1114D98C3D}.Release|Any CPU.Build.0 = Release|Any CPU
		{78F1760C-0C78-4539-8A00-CB1114D98C3D}.Release|x64.ActiveCfg = Release|Any CPU
		{78F1760C-0C78-4539-8A00-CB1114D98C3D}.Release|x64.Build.0 = Release|Any CPU
		{140E48C3-BF43-452D-918C-A9AD5F00C4E0}.Debug|Any CPU.ActiveCfg = Debug|Any CPU
		{140E48C3-BF43-452D-918C-A9AD5F00C4E0}.Debug|Any CPU.Build.0 = Debug|Any CPU
		{140E48C3-BF43-452D-918C-A9AD5F00C4E0}.Debug|x64.ActiveCfg = Debug|Any CPU
		{140E48C3-BF43-452D-918C-A9AD5F00C4E0}.Debug|x64.Build.0 = Debug|Any CPU
		{140E48C3-BF43-452D-918C-A9AD5F00C4E0}.Release|Any CPU.ActiveCfg = Release|Any CPU
		{140E48C3-BF43-452D-918C-A9AD5F00C4E0}.Release|Any CPU.Build.0 = Release|Any CPU
		{140E48C3-BF43-452D-918C-A9AD5F00C4E0}.Release|x64.ActiveCfg = Release|Any CPU
		{140E48C3-BF43-452D-918C-A9AD5F00C4E0}.Release|x64.Build.0 = Release|Any CPU
		{EC3C1944-0833-4E53-B373-ED724C3AE23D}.Debug|Any CPU.ActiveCfg = Debug|Any CPU
		{EC3C1944-0833-4E53-B373-ED724C3AE23D}.Debug|Any CPU.Build.0 = Debug|Any CPU
		{EC3C1944-0833-4E53-B373-ED724C3AE23D}.Debug|x64.ActiveCfg = Debug|Any CPU
		{EC3C1944-0833-4E53-B373-ED724C3AE23D}.Debug|x64.Build.0 = Debug|Any CPU
		{EC3C1944-0833-4E53-B373-ED724C3AE23D}.Release|Any CPU.ActiveCfg = Release|Any CPU
		{EC3C1944-0833-4E53-B373-ED724C3AE23D}.Release|Any CPU.Build.0 = Release|Any CPU
		{EC3C1944-0833-4E53-B373-ED724C3AE23D}.Release|x64.ActiveCfg = Release|Any CPU
		{EC3C1944-0833-4E53-B373-ED724C3AE23D}.Release|x64.Build.0 = Release|Any CPU
		{B501714D-023D-4A3D-BC36-8F6BF66FB2B3}.Debug|Any CPU.ActiveCfg = Debug|Any CPU
		{B501714D-023D-4A3D-BC36-8F6BF66FB2B3}.Debug|Any CPU.Build.0 = Debug|Any CPU
		{B501714D-023D-4A3D-BC36-8F6BF66FB2B3}.Debug|x64.ActiveCfg = Debug|Any CPU
		{B501714D-023D-4A3D-BC36-8F6BF66FB2B3}.Debug|x64.Build.0 = Debug|Any CPU
		{B501714D-023D-4A3D-BC36-8F6BF66FB2B3}.Release|Any CPU.ActiveCfg = Release|Any CPU
		{B501714D-023D-4A3D-BC36-8F6BF66FB2B3}.Release|Any CPU.Build.0 = Release|Any CPU
		{B501714D-023D-4A3D-BC36-8F6BF66FB2B3}.Release|x64.ActiveCfg = Release|Any CPU
		{B501714D-023D-4A3D-BC36-8F6BF66FB2B3}.Release|x64.Build.0 = Release|Any CPU
		{AE0FDC7D-C59B-4F3F-8A01-1758ECEE483B}.Debug|Any CPU.ActiveCfg = Debug|Any CPU
		{AE0FDC7D-C59B-4F3F-8A01-1758ECEE483B}.Debug|Any CPU.Build.0 = Debug|Any CPU
		{AE0FDC7D-C59B-4F3F-8A01-1758ECEE483B}.Debug|x64.ActiveCfg = Debug|Any CPU
		{AE0FDC7D-C59B-4F3F-8A01-1758ECEE483B}.Debug|x64.Build.0 = Debug|Any CPU
		{AE0FDC7D-C59B-4F3F-8A01-1758ECEE483B}.Release|Any CPU.ActiveCfg = Release|Any CPU
		{AE0FDC7D-C59B-4F3F-8A01-1758ECEE483B}.Release|Any CPU.Build.0 = Release|Any CPU
		{AE0FDC7D-C59B-4F3F-8A01-1758ECEE483B}.Release|x64.ActiveCfg = Release|Any CPU
		{AE0FDC7D-C59B-4F3F-8A01-1758ECEE483B}.Release|x64.Build.0 = Release|Any CPU
		{EC45CB31-59C6-407E-A330-333BBCA6814E}.Debug|Any CPU.ActiveCfg = Debug|Any CPU
		{EC45CB31-59C6-407E-A330-333BBCA6814E}.Debug|Any CPU.Build.0 = Debug|Any CPU
		{EC45CB31-59C6-407E-A330-333BBCA6814E}.Debug|x64.ActiveCfg = Debug|Any CPU
		{EC45CB31-59C6-407E-A330-333BBCA6814E}.Debug|x64.Build.0 = Debug|Any CPU
		{EC45CB31-59C6-407E-A330-333BBCA6814E}.Release|Any CPU.ActiveCfg = Release|Any CPU
		{EC45CB31-59C6-407E-A330-333BBCA6814E}.Release|Any CPU.Build.0 = Release|Any CPU
		{EC45CB31-59C6-407E-A330-333BBCA6814E}.Release|x64.ActiveCfg = Release|Any CPU
		{EC45CB31-59C6-407E-A330-333BBCA6814E}.Release|x64.Build.0 = Release|Any CPU
		{A0C790F9-D454-4163-880B-D3CEA0D69A50}.Debug|Any CPU.ActiveCfg = Debug|Any CPU
		{A0C790F9-D454-4163-880B-D3CEA0D69A50}.Debug|Any CPU.Build.0 = Debug|Any CPU
		{A0C790F9-D454-4163-880B-D3CEA0D69A50}.Debug|x64.ActiveCfg = Debug|Any CPU
		{A0C790F9-D454-4163-880B-D3CEA0D69A50}.Debug|x64.Build.0 = Debug|Any CPU
		{A0C790F9-D454-4163-880B-D3CEA0D69A50}.Release|Any CPU.ActiveCfg = Release|Any CPU
		{A0C790F9-D454-4163-880B-D3CEA0D69A50}.Release|Any CPU.Build.0 = Release|Any CPU
		{A0C790F9-D454-4163-880B-D3CEA0D69A50}.Release|x64.ActiveCfg = Release|Any CPU
		{A0C790F9-D454-4163-880B-D3CEA0D69A50}.Release|x64.Build.0 = Release|Any CPU
		{584EF56F-2342-4FEE-A1A2-D26508CC81CB}.Debug|Any CPU.ActiveCfg = Debug|Any CPU
		{584EF56F-2342-4FEE-A1A2-D26508CC81CB}.Debug|Any CPU.Build.0 = Debug|Any CPU
		{584EF56F-2342-4FEE-A1A2-D26508CC81CB}.Debug|x64.ActiveCfg = Debug|Any CPU
		{584EF56F-2342-4FEE-A1A2-D26508CC81CB}.Debug|x64.Build.0 = Debug|Any CPU
		{584EF56F-2342-4FEE-A1A2-D26508CC81CB}.Release|Any CPU.ActiveCfg = Release|Any CPU
		{584EF56F-2342-4FEE-A1A2-D26508CC81CB}.Release|Any CPU.Build.0 = Release|Any CPU
		{584EF56F-2342-4FEE-A1A2-D26508CC81CB}.Release|x64.ActiveCfg = Release|Any CPU
		{584EF56F-2342-4FEE-A1A2-D26508CC81CB}.Release|x64.Build.0 = Release|Any CPU
		{23983742-BBD1-4651-914E-4270EA897045}.Debug|Any CPU.ActiveCfg = Debug|Any CPU
		{23983742-BBD1-4651-914E-4270EA897045}.Debug|Any CPU.Build.0 = Debug|Any CPU
		{23983742-BBD1-4651-914E-4270EA897045}.Debug|x64.ActiveCfg = Debug|Any CPU
		{23983742-BBD1-4651-914E-4270EA897045}.Debug|x64.Build.0 = Debug|Any CPU
		{23983742-BBD1-4651-914E-4270EA897045}.Release|Any CPU.ActiveCfg = Release|Any CPU
		{23983742-BBD1-4651-914E-4270EA897045}.Release|Any CPU.Build.0 = Release|Any CPU
		{23983742-BBD1-4651-914E-4270EA897045}.Release|x64.ActiveCfg = Release|Any CPU
		{23983742-BBD1-4651-914E-4270EA897045}.Release|x64.Build.0 = Release|Any CPU
		{EB465B6D-F315-4940-AB55-AA9858E66D9B}.Debug|Any CPU.ActiveCfg = Debug|Any CPU
		{EB465B6D-F315-4940-AB55-AA9858E66D9B}.Debug|Any CPU.Build.0 = Debug|Any CPU
		{EB465B6D-F315-4940-AB55-AA9858E66D9B}.Debug|x64.ActiveCfg = Debug|Any CPU
		{EB465B6D-F315-4940-AB55-AA9858E66D9B}.Debug|x64.Build.0 = Debug|Any CPU
		{EB465B6D-F315-4940-AB55-AA9858E66D9B}.Release|Any CPU.ActiveCfg = Release|Any CPU
		{EB465B6D-F315-4940-AB55-AA9858E66D9B}.Release|Any CPU.Build.0 = Release|Any CPU
		{EB465B6D-F315-4940-AB55-AA9858E66D9B}.Release|x64.ActiveCfg = Release|Any CPU
		{EB465B6D-F315-4940-AB55-AA9858E66D9B}.Release|x64.Build.0 = Release|Any CPU
		{A3BF4A0A-C75C-47DF-A7B1-01775D3BB564}.Debug|Any CPU.ActiveCfg = Debug|Any CPU
		{A3BF4A0A-C75C-47DF-A7B1-01775D3BB564}.Debug|Any CPU.Build.0 = Debug|Any CPU
		{A3BF4A0A-C75C-47DF-A7B1-01775D3BB564}.Debug|x64.ActiveCfg = Debug|Any CPU
		{A3BF4A0A-C75C-47DF-A7B1-01775D3BB564}.Debug|x64.Build.0 = Debug|Any CPU
		{A3BF4A0A-C75C-47DF-A7B1-01775D3BB564}.Release|Any CPU.ActiveCfg = Release|Any CPU
		{A3BF4A0A-C75C-47DF-A7B1-01775D3BB564}.Release|Any CPU.Build.0 = Release|Any CPU
		{A3BF4A0A-C75C-47DF-A7B1-01775D3BB564}.Release|x64.ActiveCfg = Release|Any CPU
		{A3BF4A0A-C75C-47DF-A7B1-01775D3BB564}.Release|x64.Build.0 = Release|Any CPU
		{38CE0129-1565-4FC7-AC9E-8913EDCAED03}.Debug|Any CPU.ActiveCfg = Debug|Any CPU
		{38CE0129-1565-4FC7-AC9E-8913EDCAED03}.Debug|Any CPU.Build.0 = Debug|Any CPU
		{38CE0129-1565-4FC7-AC9E-8913EDCAED03}.Debug|x64.ActiveCfg = Debug|Any CPU
		{38CE0129-1565-4FC7-AC9E-8913EDCAED03}.Debug|x64.Build.0 = Debug|Any CPU
		{38CE0129-1565-4FC7-AC9E-8913EDCAED03}.Release|Any CPU.ActiveCfg = Release|Any CPU
		{38CE0129-1565-4FC7-AC9E-8913EDCAED03}.Release|Any CPU.Build.0 = Release|Any CPU
		{38CE0129-1565-4FC7-AC9E-8913EDCAED03}.Release|x64.ActiveCfg = Release|Any CPU
		{38CE0129-1565-4FC7-AC9E-8913EDCAED03}.Release|x64.Build.0 = Release|Any CPU
		{6E67F066-107A-4AC1-B08E-1A5F53639FC5}.Debug|Any CPU.ActiveCfg = Debug|Any CPU
		{6E67F066-107A-4AC1-B08E-1A5F53639FC5}.Debug|Any CPU.Build.0 = Debug|Any CPU
		{6E67F066-107A-4AC1-B08E-1A5F53639FC5}.Debug|x64.ActiveCfg = Debug|Any CPU
		{6E67F066-107A-4AC1-B08E-1A5F53639FC5}.Debug|x64.Build.0 = Debug|Any CPU
		{6E67F066-107A-4AC1-B08E-1A5F53639FC5}.Release|Any CPU.ActiveCfg = Release|Any CPU
		{6E67F066-107A-4AC1-B08E-1A5F53639FC5}.Release|Any CPU.Build.0 = Release|Any CPU
		{6E67F066-107A-4AC1-B08E-1A5F53639FC5}.Release|x64.ActiveCfg = Release|Any CPU
		{6E67F066-107A-4AC1-B08E-1A5F53639FC5}.Release|x64.Build.0 = Release|Any CPU
		{2F5C3137-2C17-4F60-A4D6-E410C89FA107}.Debug|Any CPU.ActiveCfg = Debug|Any CPU
		{2F5C3137-2C17-4F60-A4D6-E410C89FA107}.Debug|Any CPU.Build.0 = Debug|Any CPU
		{2F5C3137-2C17-4F60-A4D6-E410C89FA107}.Debug|x64.ActiveCfg = Debug|Any CPU
		{2F5C3137-2C17-4F60-A4D6-E410C89FA107}.Debug|x64.Build.0 = Debug|Any CPU
		{2F5C3137-2C17-4F60-A4D6-E410C89FA107}.Release|Any CPU.ActiveCfg = Release|Any CPU
		{2F5C3137-2C17-4F60-A4D6-E410C89FA107}.Release|Any CPU.Build.0 = Release|Any CPU
		{2F5C3137-2C17-4F60-A4D6-E410C89FA107}.Release|x64.ActiveCfg = Release|Any CPU
		{2F5C3137-2C17-4F60-A4D6-E410C89FA107}.Release|x64.Build.0 = Release|Any CPU
		{CFDF8362-6FFC-4B0A-8D17-473C69DE57FF}.Debug|Any CPU.ActiveCfg = Debug|Any CPU
		{CFDF8362-6FFC-4B0A-8D17-473C69DE57FF}.Debug|Any CPU.Build.0 = Debug|Any CPU
		{CFDF8362-6FFC-4B0A-8D17-473C69DE57FF}.Debug|x64.ActiveCfg = Debug|Any CPU
		{CFDF8362-6FFC-4B0A-8D17-473C69DE57FF}.Debug|x64.Build.0 = Debug|Any CPU
		{CFDF8362-6FFC-4B0A-8D17-473C69DE57FF}.Release|Any CPU.ActiveCfg = Release|Any CPU
		{CFDF8362-6FFC-4B0A-8D17-473C69DE57FF}.Release|Any CPU.Build.0 = Release|Any CPU
		{CFDF8362-6FFC-4B0A-8D17-473C69DE57FF}.Release|x64.ActiveCfg = Release|Any CPU
		{CFDF8362-6FFC-4B0A-8D17-473C69DE57FF}.Release|x64.Build.0 = Release|Any CPU
		{85B247AC-46AB-45BC-9E83-B1B508D89782}.Debug|Any CPU.ActiveCfg = Debug|Any CPU
		{85B247AC-46AB-45BC-9E83-B1B508D89782}.Debug|Any CPU.Build.0 = Debug|Any CPU
		{85B247AC-46AB-45BC-9E83-B1B508D89782}.Debug|x64.ActiveCfg = Debug|Any CPU
		{85B247AC-46AB-45BC-9E83-B1B508D89782}.Debug|x64.Build.0 = Debug|Any CPU
		{85B247AC-46AB-45BC-9E83-B1B508D89782}.Release|Any CPU.ActiveCfg = Release|Any CPU
		{85B247AC-46AB-45BC-9E83-B1B508D89782}.Release|Any CPU.Build.0 = Release|Any CPU
		{85B247AC-46AB-45BC-9E83-B1B508D89782}.Release|x64.ActiveCfg = Release|Any CPU
		{85B247AC-46AB-45BC-9E83-B1B508D89782}.Release|x64.Build.0 = Release|Any CPU
		{C6622D6A-EE5F-4922-BBCF-9F4FD53380E8}.Debug|Any CPU.ActiveCfg = Debug|Any CPU
		{C6622D6A-EE5F-4922-BBCF-9F4FD53380E8}.Debug|Any CPU.Build.0 = Debug|Any CPU
		{C6622D6A-EE5F-4922-BBCF-9F4FD53380E8}.Debug|x64.ActiveCfg = Debug|Any CPU
		{C6622D6A-EE5F-4922-BBCF-9F4FD53380E8}.Debug|x64.Build.0 = Debug|Any CPU
		{C6622D6A-EE5F-4922-BBCF-9F4FD53380E8}.Release|Any CPU.ActiveCfg = Release|Any CPU
		{C6622D6A-EE5F-4922-BBCF-9F4FD53380E8}.Release|Any CPU.Build.0 = Release|Any CPU
		{C6622D6A-EE5F-4922-BBCF-9F4FD53380E8}.Release|x64.ActiveCfg = Release|Any CPU
		{C6622D6A-EE5F-4922-BBCF-9F4FD53380E8}.Release|x64.Build.0 = Release|Any CPU
		{ACC231B1-B7F8-4DAB-9680-9F3E4C425D23}.Debug|Any CPU.ActiveCfg = Debug|Any CPU
		{ACC231B1-B7F8-4DAB-9680-9F3E4C425D23}.Debug|Any CPU.Build.0 = Debug|Any CPU
		{ACC231B1-B7F8-4DAB-9680-9F3E4C425D23}.Debug|x64.ActiveCfg = Debug|Any CPU
		{ACC231B1-B7F8-4DAB-9680-9F3E4C425D23}.Debug|x64.Build.0 = Debug|Any CPU
		{ACC231B1-B7F8-4DAB-9680-9F3E4C425D23}.Release|Any CPU.ActiveCfg = Release|Any CPU
		{ACC231B1-B7F8-4DAB-9680-9F3E4C425D23}.Release|Any CPU.Build.0 = Release|Any CPU
		{ACC231B1-B7F8-4DAB-9680-9F3E4C425D23}.Release|x64.ActiveCfg = Release|Any CPU
		{ACC231B1-B7F8-4DAB-9680-9F3E4C425D23}.Release|x64.Build.0 = Release|Any CPU
		{672DAF51-19A5-4B35-ABF7-0685D1B4B3FE}.Debug|Any CPU.ActiveCfg = Debug|Any CPU
		{672DAF51-19A5-4B35-ABF7-0685D1B4B3FE}.Debug|Any CPU.Build.0 = Debug|Any CPU
		{672DAF51-19A5-4B35-ABF7-0685D1B4B3FE}.Debug|x64.ActiveCfg = Debug|Any CPU
		{672DAF51-19A5-4B35-ABF7-0685D1B4B3FE}.Debug|x64.Build.0 = Debug|Any CPU
		{672DAF51-19A5-4B35-ABF7-0685D1B4B3FE}.Release|Any CPU.ActiveCfg = Release|Any CPU
		{672DAF51-19A5-4B35-ABF7-0685D1B4B3FE}.Release|Any CPU.Build.0 = Release|Any CPU
		{672DAF51-19A5-4B35-ABF7-0685D1B4B3FE}.Release|x64.ActiveCfg = Release|Any CPU
		{672DAF51-19A5-4B35-ABF7-0685D1B4B3FE}.Release|x64.Build.0 = Release|Any CPU
		{524A4818-DA80-4BA7-9BF5-096C270C4CB1}.Debug|Any CPU.ActiveCfg = Debug|Any CPU
		{524A4818-DA80-4BA7-9BF5-096C270C4CB1}.Debug|Any CPU.Build.0 = Debug|Any CPU
		{524A4818-DA80-4BA7-9BF5-096C270C4CB1}.Debug|x64.ActiveCfg = Debug|Any CPU
		{524A4818-DA80-4BA7-9BF5-096C270C4CB1}.Debug|x64.Build.0 = Debug|Any CPU
		{524A4818-DA80-4BA7-9BF5-096C270C4CB1}.Release|Any CPU.ActiveCfg = Release|Any CPU
		{524A4818-DA80-4BA7-9BF5-096C270C4CB1}.Release|Any CPU.Build.0 = Release|Any CPU
		{524A4818-DA80-4BA7-9BF5-096C270C4CB1}.Release|x64.ActiveCfg = Release|Any CPU
		{524A4818-DA80-4BA7-9BF5-096C270C4CB1}.Release|x64.Build.0 = Release|Any CPU
		{8A8B9067-AD91-42A2-880D-6DF3A650012D}.Debug|Any CPU.ActiveCfg = Debug|Any CPU
		{8A8B9067-AD91-42A2-880D-6DF3A650012D}.Debug|Any CPU.Build.0 = Debug|Any CPU
		{8A8B9067-AD91-42A2-880D-6DF3A650012D}.Debug|x64.ActiveCfg = Debug|Any CPU
		{8A8B9067-AD91-42A2-880D-6DF3A650012D}.Debug|x64.Build.0 = Debug|Any CPU
		{8A8B9067-AD91-42A2-880D-6DF3A650012D}.Release|Any CPU.ActiveCfg = Release|Any CPU
		{8A8B9067-AD91-42A2-880D-6DF3A650012D}.Release|Any CPU.Build.0 = Release|Any CPU
		{8A8B9067-AD91-42A2-880D-6DF3A650012D}.Release|x64.ActiveCfg = Release|Any CPU
		{8A8B9067-AD91-42A2-880D-6DF3A650012D}.Release|x64.Build.0 = Release|Any CPU
	EndGlobalSection
	GlobalSection(SolutionProperties) = preSolution
		HideSolutionNode = FALSE
	EndGlobalSection
EndGlobal
