
Microsoft Visual Studio Solution File, Format Version 12.00
# Visual Studio Version 17
VisualStudioVersion = 17.12.35527.113
MinimumVisualStudioVersion = 10.0.40219.1
Project("{FAE04EC0-301F-11D3-BF4B-00C04F79EFBC}") = "31ConnectedArchitectureDatabase", "31ConnectedArchitectureDatabase\31ConnectedArchitectureDatabase.csproj", "{92A55E72-7AE3-4E69-BF13-4AE15FBE82DF}"
EndProject
Project("{FAE04EC0-301F-11D3-BF4B-00C04F79EFBC}") = "32DIsconnectedArchitecture", "32DIsconnectedArchitecture\32DIsconnectedArchitecture.csproj", "{59EFDDF1-28CB-4F51-8575-40ACA3CA3B50}"
EndProject
Project("{FAE04EC0-301F-11D3-BF4B-00C04F79EFBC}") = "33ConnectedWithDataSet", "33ConnectedWithDataSet\33ConnectedWithDataSet.csproj", "{1F0ED6F7-9770-4B2A-B6E8-56FFC885D479}"
EndProject
Project("{FAE04EC0-301F-11D3-BF4B-00C04F79EFBC}") = "34EntityFramework", "34EntityFramework\34EntityFramework.csproj", "{044BFC63-6CBE-43A0-B946-EACC7F26C3E1}"
EndProject
Project("{FAE04EC0-301F-11D3-BF4B-00C04F79EFBC}") = "35Threading", "35Threading\35Threading.csproj", "{0BAD12D5-DC1B-4550-A44C-F122E0BC46DC}"
EndProject
Project("{FAE04EC0-301F-11D3-BF4B-00C04F79EFBC}") = "36Threading", "36Threading\36Threading.csproj", "{44409CD3-7D09-4B5B-9830-BFE81F60065D}"
EndProject
Global
	GlobalSection(SolutionConfigurationPlatforms) = preSolution
		Debug|Any CPU = Debug|Any CPU
		Release|Any CPU = Release|Any CPU
	EndGlobalSection
	GlobalSection(ProjectConfigurationPlatforms) = postSolution
		{92A55E72-7AE3-4E69-BF13-4AE15FBE82DF}.Debug|Any CPU.ActiveCfg = Debug|Any CPU
		{92A55E72-7AE3-4E69-BF13-4AE15FBE82DF}.Debug|Any CPU.Build.0 = Debug|Any CPU
		{92A55E72-7AE3-4E69-BF13-4AE15FBE82DF}.Release|Any CPU.ActiveCfg = Release|Any CPU
		{92A55E72-7AE3-4E69-BF13-4AE15FBE82DF}.Release|Any CPU.Build.0 = Release|Any CPU
		{59EFDDF1-28CB-4F51-8575-40ACA3CA3B50}.Debug|Any CPU.ActiveCfg = Debug|Any CPU
		{59EFDDF1-28CB-4F51-8575-40ACA3CA3B50}.Debug|Any CPU.Build.0 = Debug|Any CPU
		{59EFDDF1-28CB-4F51-8575-40ACA3CA3B50}.Release|Any CPU.ActiveCfg = Release|Any CPU
		{59EFDDF1-28CB-4F51-8575-40ACA3CA3B50}.Release|Any CPU.Build.0 = Release|Any CPU
		{1F0ED6F7-9770-4B2A-B6E8-56FFC885D479}.Debug|Any CPU.ActiveCfg = Debug|Any CPU
		{1F0ED6F7-9770-4B2A-B6E8-56FFC885D479}.Debug|Any CPU.Build.0 = Debug|Any CPU
		{1F0ED6F7-9770-4B2A-B6E8-56FFC885D479}.Release|Any CPU.ActiveCfg = Release|Any CPU
		{1F0ED6F7-9770-4B2A-B6E8-56FFC885D479}.Release|Any CPU.Build.0 = Release|Any CPU
		{044BFC63-6CBE-43A0-B946-EACC7F26C3E1}.Debug|Any CPU.ActiveCfg = Debug|Any CPU
		{044BFC63-6CBE-43A0-B946-EACC7F26C3E1}.Debug|Any CPU.Build.0 = Debug|Any CPU
		{044BFC63-6CBE-43A0-B946-EACC7F26C3E1}.Release|Any CPU.ActiveCfg = Release|Any CPU
		{044BFC63-6CBE-43A0-B946-EACC7F26C3E1}.Release|Any CPU.Build.0 = Release|Any CPU
		{0BAD12D5-DC1B-4550-A44C-F122E0BC46DC}.Debug|Any CPU.ActiveCfg = Debug|Any CPU
		{0BAD12D5-DC1B-4550-A44C-F122E0BC46DC}.Debug|Any CPU.Build.0 = Debug|Any CPU
		{0BAD12D5-DC1B-4550-A44C-F122E0BC46DC}.Release|Any CPU.ActiveCfg = Release|Any CPU
		{0BAD12D5-DC1B-4550-A44C-F122E0BC46DC}.Release|Any CPU.Build.0 = Release|Any CPU
		{44409CD3-7D09-4B5B-9830-BFE81F60065D}.Debug|Any CPU.ActiveCfg = Debug|Any CPU
		{44409CD3-7D09-4B5B-9830-BFE81F60065D}.Debug|Any CPU.Build.0 = Debug|Any CPU
		{44409CD3-7D09-4B5B-9830-BFE81F60065D}.Release|Any CPU.ActiveCfg = Release|Any CPU
		{44409CD3-7D09-4B5B-9830-BFE81F60065D}.Release|Any CPU.Build.0 = Release|Any CPU
	EndGlobalSection
	GlobalSection(SolutionProperties) = preSolution
		HideSolutionNode = FALSE
	EndGlobalSection
EndGlobal
