
Microsoft Visual Studio Solution File, Format Version 12.00
# Visual Studio Version 17
VisualStudioVersion = 17.12.35527.113
MinimumVisualStudioVersion = 10.0.40219.1
Project("{FAE04EC0-301F-11D3-BF4B-00C04F79EFBC}") = "MVCCoreWithMVCTemplate", "MVCCoreWithMVCTemplate\MVCCoreWithMVCTemplate.csproj", "{9BECE494-F9F5-4F7F-9BFC-2AB567D906B8}"
EndProject
Project("{FAE04EC0-301F-11D3-BF4B-00C04F79EFBC}") = "01MVCBasics", "01MVCBasics\01MVCBasics.csproj", "{BFFF0B45-69B7-4608-B01F-F0BDAA1176A4}"
EndProject
Project("{FAE04EC0-301F-11D3-BF4B-00C04F79EFBC}") = "02DefaultController", "02DefaultController\02DefaultController.csproj", "{238FF275-C045-4011-9C0F-228A643E6895}"
EndProject
Project("{FAE04EC0-301F-11D3-BF4B-00C04F79EFBC}") = "03AttributeBasedRouting", "03AttributeBasedRouting\03AttributeBasedRouting.csproj", "{F1F6CDC0-75B7-492C-A0B4-CB6E0D812C51}"
EndProject
Project("{FAE04EC0-301F-11D3-BF4B-00C04F79EFBC}") = "04ActionMethodReturnType", "04ActionMethodReturnType\04ActionMethodReturnType.csproj", "{567DDBDD-8D93-4E9F-9046-6F807642D537}"
EndProject
Project("{FAE04EC0-301F-11D3-BF4B-00C04F79EFBC}") = "05ViewBagViewData", "05ViewBagViewData\05ViewBagViewData.csproj", "{C81DCF5F-7E1B-450F-A433-F81B7D9B2D70}"
EndProject
Project("{FAE04EC0-301F-11D3-BF4B-00C04F79EFBC}") = "06Views", "06Views\06Views.csproj", "{E6BBD842-FC27-4CFB-BBEC-D22B162F7515}"
EndProject
Project("{FAE04EC0-301F-11D3-BF4B-00C04F79EFBC}") = "07ViewModel", "07ViewModel\07ViewModel.csproj", "{67C7D927-BBD5-466D-AAB4-B1B49CB7A5D4}"
EndProject
Project("{FAE04EC0-301F-11D3-BF4B-00C04F79EFBC}") = "08LayoutPages", "08LayoutPages\08LayoutPages.csproj", "{9B7719E3-C8DC-4522-99D3-D6A1E6C5144A}"
EndProject
Project("{FAE04EC0-301F-11D3-BF4B-00C04F79EFBC}") = "09ActionResultFilters", "09ActionResultFilters\09ActionResultFilters.csproj", "{3F6955ED-EB75-40BD-9CFE-E268EBC0AE5F}"
EndProject
Project("{FAE04EC0-301F-11D3-BF4B-00C04F79EFBC}") = "10TagHelpers", "10TagHelpers\10TagHelpers.csproj", "{D527A7FD-AE11-4C3F-8D21-D21D1E6AE055}"
EndProject
Project("{FAE04EC0-301F-11D3-BF4B-00C04F79EFBC}") = "11Validations", "11Validations\11Validations.csproj", "{12EBFAF2-9CA6-424A-8867-4520D5B947A9}"
EndProject
Global
	GlobalSection(SolutionConfigurationPlatforms) = preSolution
		Debug|Any CPU = Debug|Any CPU
		Release|Any CPU = Release|Any CPU
	EndGlobalSection
	GlobalSection(ProjectConfigurationPlatforms) = postSolution
		{9BECE494-F9F5-4F7F-9BFC-2AB567D906B8}.Debug|Any CPU.ActiveCfg = Debug|Any CPU
		{9BECE494-F9F5-4F7F-9BFC-2AB567D906B8}.Debug|Any CPU.Build.0 = Debug|Any CPU
		{9BECE494-F9F5-4F7F-9BFC-2AB567D906B8}.Release|Any CPU.ActiveCfg = Release|Any CPU
		{9BECE494-F9F5-4F7F-9BFC-2AB567D906B8}.Release|Any CPU.Build.0 = Release|Any CPU
		{BFFF0B45-69B7-4608-B01F-F0BDAA1176A4}.Debug|Any CPU.ActiveCfg = Debug|Any CPU
		{BFFF0B45-69B7-4608-B01F-F0BDAA1176A4}.Debug|Any CPU.Build.0 = Debug|Any CPU
		{BFFF0B45-69B7-4608-B01F-F0BDAA1176A4}.Release|Any CPU.ActiveCfg = Release|Any CPU
		{BFFF0B45-69B7-4608-B01F-F0BDAA1176A4}.Release|Any CPU.Build.0 = Release|Any CPU
		{238FF275-C045-4011-9C0F-228A643E6895}.Debug|Any CPU.ActiveCfg = Debug|Any CPU
		{238FF275-C045-4011-9C0F-228A643E6895}.Debug|Any CPU.Build.0 = Debug|Any CPU
		{238FF275-C045-4011-9C0F-228A643E6895}.Release|Any CPU.ActiveCfg = Release|Any CPU
		{238FF275-C045-4011-9C0F-228A643E6895}.Release|Any CPU.Build.0 = Release|Any CPU
		{F1F6CDC0-75B7-492C-A0B4-CB6E0D812C51}.Debug|Any CPU.ActiveCfg = Debug|Any CPU
		{F1F6CDC0-75B7-492C-A0B4-CB6E0D812C51}.Debug|Any CPU.Build.0 = Debug|Any CPU
		{F1F6CDC0-75B7-492C-A0B4-CB6E0D812C51}.Release|Any CPU.ActiveCfg = Release|Any CPU
		{F1F6CDC0-75B7-492C-A0B4-CB6E0D812C51}.Release|Any CPU.Build.0 = Release|Any CPU
		{567DDBDD-8D93-4E9F-9046-6F807642D537}.Debug|Any CPU.ActiveCfg = Debug|Any CPU
		{567DDBDD-8D93-4E9F-9046-6F807642D537}.Debug|Any CPU.Build.0 = Debug|Any CPU
		{567DDBDD-8D93-4E9F-9046-6F807642D537}.Release|Any CPU.ActiveCfg = Release|Any CPU
		{567DDBDD-8D93-4E9F-9046-6F807642D537}.Release|Any CPU.Build.0 = Release|Any CPU
		{C81DCF5F-7E1B-450F-A433-F81B7D9B2D70}.Debug|Any CPU.ActiveCfg = Debug|Any CPU
		{C81DCF5F-7E1B-450F-A433-F81B7D9B2D70}.Debug|Any CPU.Build.0 = Debug|Any CPU
		{C81DCF5F-7E1B-450F-A433-F81B7D9B2D70}.Release|Any CPU.ActiveCfg = Release|Any CPU
		{C81DCF5F-7E1B-450F-A433-F81B7D9B2D70}.Release|Any CPU.Build.0 = Release|Any CPU
		{E6BBD842-FC27-4CFB-BBEC-D22B162F7515}.Debug|Any CPU.ActiveCfg = Debug|Any CPU
		{E6BBD842-FC27-4CFB-BBEC-D22B162F7515}.Debug|Any CPU.Build.0 = Debug|Any CPU
		{E6BBD842-FC27-4CFB-BBEC-D22B162F7515}.Release|Any CPU.ActiveCfg = Release|Any CPU
		{E6BBD842-FC27-4CFB-BBEC-D22B162F7515}.Release|Any CPU.Build.0 = Release|Any CPU
		{67C7D927-BBD5-466D-AAB4-B1B49CB7A5D4}.Debug|Any CPU.ActiveCfg = Debug|Any CPU
		{67C7D927-BBD5-466D-AAB4-B1B49CB7A5D4}.Debug|Any CPU.Build.0 = Debug|Any CPU
		{67C7D927-BBD5-466D-AAB4-B1B49CB7A5D4}.Release|Any CPU.ActiveCfg = Release|Any CPU
		{67C7D927-BBD5-466D-AAB4-B1B49CB7A5D4}.Release|Any CPU.Build.0 = Release|Any CPU
		{9B7719E3-C8DC-4522-99D3-D6A1E6C5144A}.Debug|Any CPU.ActiveCfg = Debug|Any CPU
		{9B7719E3-C8DC-4522-99D3-D6A1E6C5144A}.Debug|Any CPU.Build.0 = Debug|Any CPU
		{9B7719E3-C8DC-4522-99D3-D6A1E6C5144A}.Release|Any CPU.ActiveCfg = Release|Any CPU
		{9B7719E3-C8DC-4522-99D3-D6A1E6C5144A}.Release|Any CPU.Build.0 = Release|Any CPU
		{3F6955ED-EB75-40BD-9CFE-E268EBC0AE5F}.Debug|Any CPU.ActiveCfg = Debug|Any CPU
		{3F6955ED-EB75-40BD-9CFE-E268EBC0AE5F}.Debug|Any CPU.Build.0 = Debug|Any CPU
		{3F6955ED-EB75-40BD-9CFE-E268EBC0AE5F}.Release|Any CPU.ActiveCfg = Release|Any CPU
		{3F6955ED-EB75-40BD-9CFE-E268EBC0AE5F}.Release|Any CPU.Build.0 = Release|Any CPU
		{D527A7FD-AE11-4C3F-8D21-D21D1E6AE055}.Debug|Any CPU.ActiveCfg = Debug|Any CPU
		{D527A7FD-AE11-4C3F-8D21-D21D1E6AE055}.Debug|Any CPU.Build.0 = Debug|Any CPU
		{D527A7FD-AE11-4C3F-8D21-D21D1E6AE055}.Release|Any CPU.ActiveCfg = Release|Any CPU
		{D527A7FD-AE11-4C3F-8D21-D21D1E6AE055}.Release|Any CPU.Build.0 = Release|Any CPU
		{12EBFAF2-9CA6-424A-8867-4520D5B947A9}.Debug|Any CPU.ActiveCfg = Debug|Any CPU
		{12EBFAF2-9CA6-424A-8867-4520D5B947A9}.Debug|Any CPU.Build.0 = Debug|Any CPU
		{12EBFAF2-9CA6-424A-8867-4520D5B947A9}.Release|Any CPU.ActiveCfg = Release|Any CPU
		{12EBFAF2-9CA6-424A-8867-4520D5B947A9}.Release|Any CPU.Build.0 = Release|Any CPU
	EndGlobalSection
	GlobalSection(SolutionProperties) = preSolution
		HideSolutionNode = FALSE
	EndGlobalSection
EndGlobal
